#MicroXplorer Configuration settings - do not modify
Mcu.Family=STM32F1
PB14.GPIO_ModeDefaultEXTI=GPIO_MODE_IT_FALLING
PA6.GPIOParameters=GPIO_Label
ProjectManager.MainLocation=Src
RCC.MCOFreq_Value=60000000
PB13.GPIOParameters=GPIO_PuPd,GPIO_ModeDefaultEXTI
ProjectManager.ProjectFileName=Timer.ioc
ProjectManager.KeepUserCode=true
Mcu.UserName=STM32F103C8Tx
Mcu.PinsNb=16
TIM3.AutoReloadPreload=TIM_AUTORELOAD_PRELOAD_ENABLE
ProjectManager.NoMain=false
SH.GPXTI14.0=GPIO_EXTI14
RCC.PLLCLKFreq_Value=60000000
PA9.GPIO_Label=LED
ProjectManager.functionlistsort=1-MX_GPIO_Init-GPIO-false-LL-true,2-SystemClock_Config-RCC-false-LL-false,3-MX_TIM2_Init-TIM2-false-HAL-true
PA9.GPIOParameters=GPIO_Label
PA3.GPIOParameters=GPIO_Label
RCC.ADCFreqValue=30000000
ProjectManager.DefaultFWLocation=true
PA6.GPIO_Label=D4
PB0.GPIO_Label=D6
PB12.Locked=true
ProjectManager.DeletePrevious=true
PB14.Locked=true
RCC.APB1CLKDivider=RCC_HCLK_DIV2
PB13.Signal=GPXTI13
PB13.GPIO_ModeDefaultEXTI=GPIO_MODE_IT_FALLING
PinOutPanel.RotationAngle=0
RCC.FamilyName=M
RCC.SYSCLKSource=RCC_SYSCLKSOURCE_PLLCLK
ProjectManager.StackSize=0x400
SH.GPXTI13.0=GPIO_EXTI13
PA13.Signal=SYS_JTMS-SWDIO
Mcu.IP4=TIM3
RCC.FCLKCortexFreq_Value=60000000
NVIC.SVCall_IRQn=true\:0\:0\:false\:false\:true\:false\:false
Mcu.IP2=SYS
Mcu.IP3=TIM2
Mcu.IP0=NVIC
Mcu.IP1=RCC
Mcu.UserConstants=
ProjectManager.TargetToolchain=MDK-ARM V5.27
SH.GPXTI13.ConfNb=1
Mcu.ThirdPartyNb=0
RCC.HCLKFreq_Value=60000000
Mcu.IPNb=5
TIM2.IPParameters=Period,Channel-PWM Generation3 CH3,AutoReloadPreload
ProjectManager.PreviousToolchain=
RCC.APB2TimFreq_Value=60000000
TIM3.Period=0xFFFF-1
PA9.Signal=GPIO_Output
SH.GPXTI12.ConfNb=1
Mcu.Pin6=PB0
Mcu.Pin7=PB1
Mcu.Pin8=PB12
RCC.USBFreq_Value=60000000
Mcu.Pin9=PB13
RCC.AHBFreq_Value=60000000
PB13.Locked=true
Mcu.Pin0=PA2
PB1.Locked=true
Mcu.Pin1=PA3
TIM3.Channel-Output\ Compare1\ CH1=TIM_CHANNEL_1
GPIO.groupedBy=Group By Peripherals
Mcu.Pin2=PA4
Mcu.Pin3=PA5
Mcu.Pin4=PA6
NVIC.EXTI15_10_IRQn=true\:0\:0\:false\:false\:true\:true\:true
Mcu.Pin5=PA7
PB14.Signal=GPXTI14
PA5.Signal=GPIO_Output
ProjectManager.ProjectBuild=false
NVIC.UsageFault_IRQn=true\:0\:0\:false\:false\:true\:false\:false
NVIC.DebugMonitor_IRQn=true\:0\:0\:false\:false\:true\:false\:false
board=custom
PA4.Locked=true
NVIC.SysTick_IRQn=true\:0\:0\:false\:false\:true\:false\:true
ProjectManager.LastFirmware=true
SH.GPXTI12.0=GPIO_EXTI12
RCC.PLLMUL=RCC_PLL_MUL15
NVIC.TIM3_IRQn=true\:0\:0\:false\:false\:true\:true\:true
PB13.GPIO_PuPd=GPIO_PULLUP
RCC.VCOOutput2Freq_Value=4000000
ProjectManager.FirmwarePackage=STM32Cube FW_F1 V1.8.0
MxDb.Version=DB.5.0.60
PB0.GPIOParameters=GPIO_Label
RCC.APB2Freq_Value=60000000
ProjectManager.BackupPrevious=false
MxCube.Version=5.6.1
SH.S_TIM2_CH3.0=TIM2_CH3,PWM Generation3 CH3
PA14.Mode=Serial_Wire
PB1.GPIO_Label=D7
File.Version=6
VP_SYS_VS_Systick.Mode=SysTick
TIM2.Channel-PWM\ Generation3\ CH3=TIM_CHANNEL_3
TIM3.IPParameters=Channel-Output Compare1 CH1,Period,AutoReloadPreload
PA9.Locked=true
NVIC.NonMaskableInt_IRQn=true\:0\:0\:false\:false\:true\:false\:false
SH.S_TIM2_CH3.ConfNb=1
PA4.GPIOParameters=GPIO_Label
NVIC.PendSV_IRQn=true\:0\:0\:false\:false\:true\:false\:false
SH.S_TIM3_CH1.0=TIM3_CH1,Output Compare1 CH1
TIM2.Period=1499
PA13.Mode=Serial_Wire
ProjectManager.FreePins=false
RCC.IPParameters=ADCFreqValue,AHBFreq_Value,APB1CLKDivider,APB1Freq_Value,APB1TimFreq_Value,APB2Freq_Value,APB2TimFreq_Value,FCLKCortexFreq_Value,FamilyName,HCLKFreq_Value,MCOFreq_Value,PLLCLKFreq_Value,PLLMCOFreq_Value,PLLMUL,SYSCLKFreq_VALUE,SYSCLKSource,TimSysFreq_Value,USBFreq_Value,VCOOutput2Freq_Value
ProjectManager.AskForMigrate=true
Mcu.Name=STM32F103C(8-B)Tx
ProjectManager.HalAssertFull=false
PB0.Locked=true
PA2.Signal=S_TIM2_CH3
ProjectManager.ProjectName=Timer
ProjectManager.UnderRoot=false
RCC.PLLMCOFreq_Value=30000000
ProjectManager.CoupleFile=false
PA4.Signal=GPIO_Output
RCC.SYSCLKFreq_VALUE=60000000
Mcu.Package=LQFP48
PA6.Signal=GPIO_Output
PB1.Signal=GPIO_Output
PB14.GPIO_PuPd=GPIO_PULLUP
RCC.TimSysFreq_Value=60000000
PA7.GPIO_Label=D5
PA5.Locked=true
PA3.Locked=true
PA7.Locked=true
PA5.GPIO_Label=E
NVIC.ForceEnableDMAVector=true
KeepUserPlacement=false
NVIC.MemoryManagement_IRQn=true\:0\:0\:false\:false\:true\:false\:false
ProjectManager.CompilerOptimize=6
ProjectManager.ToolChainLocation=
VP_SYS_VS_Systick.Signal=SYS_VS_Systick
PA14.Signal=SYS_JTCK-SWCLK
ProjectManager.HeapSize=0x200
Mcu.Pin15=VP_SYS_VS_Systick
NVIC.HardFault_IRQn=true\:0\:0\:false\:false\:true\:false\:false
PA5.GPIOParameters=GPIO_Label
Mcu.Pin13=PA14
Mcu.Pin14=PB4
PB14.GPIOParameters=GPIO_PuPd,GPIO_ModeDefaultEXTI
PB12.GPIO_ModeDefaultEXTI=GPIO_MODE_IT_FALLING
SH.S_TIM3_CH1.ConfNb=1
ProjectManager.ComputerToolchain=false
SH.GPXTI14.ConfNb=1
NVIC.PriorityGroup=NVIC_PRIORITYGROUP_4
Mcu.Pin11=PA9
Mcu.Pin12=PA13
Mcu.Pin10=PB14
RCC.APB1TimFreq_Value=60000000
TIM2.AutoReloadPreload=TIM_AUTORELOAD_PRELOAD_ENABLE
NVIC.BusFault_IRQn=true\:0\:0\:false\:false\:true\:false\:false
PB12.GPIO_PuPd=GPIO_PULLUP
RCC.APB1Freq_Value=30000000
PB0.Signal=GPIO_Output
PA4.GPIO_Label=RW
PA7.GPIOParameters=GPIO_Label
ProjectManager.CustomerFirmwarePackage=
ProjectManager.DeviceId=STM32F103C8Tx
PB12.GPIOParameters=GPIO_PuPd,GPIO_ModeDefaultEXTI
PB12.Signal=GPXTI12
ProjectManager.LibraryCopy=0
PB4.Signal=S_TIM3_CH1
PA3.GPIO_Label=RS
PA3.Signal=GPIO_Output
PB1.GPIOParameters=GPIO_Label
PA7.Signal=GPIO_Output
PA6.Locked=true
PA2.Locked=true
